
Microsoft Visual Studio Solution File, Format Version 12.00
# Visual Studio Version 16
VisualStudioVersion = 16.0.30114.105
MinimumVisualStudioVersion = 10.0.40219.1
Project("{00D1A9C2-B5F0-4AF3-8072-F6C62B433612}") = "RollTennis.Database", "RollTennis.Database\RollTennis.Database.sqlproj", "{3AD50246-D65E-4F99-ABEC-FA621115EB16}"
EndProject
Global
	GlobalSection(SolutionConfigurationPlatforms) = preSolution
		Debug|Any CPU = Debug|Any CPU
		Release|Any CPU = Release|Any CPU
	EndGlobalSection
	GlobalSection(ProjectConfigurationPlatforms) = postSolution
		{3AD50246-D65E-4F99-ABEC-FA621115EB16}.Debug|Any CPU.ActiveCfg = Debug|Any CPU
		{3AD50246-D65E-4F99-ABEC-FA621115EB16}.Debug|Any CPU.Build.0 = Debug|Any CPU
		{3AD50246-D65E-4F99-ABEC-FA621115EB16}.Debug|Any CPU.Deploy.0 = Debug|Any CPU
		{3AD50246-D65E-4F99-ABEC-FA621115EB16}.Release|Any CPU.ActiveCfg = Release|Any CPU
		{3AD50246-D65E-4F99-ABEC-FA621115EB16}.Release|Any CPU.Build.0 = Release|Any CPU
		{3AD50246-D65E-4F99-ABEC-FA621115EB16}.Release|Any CPU.Deploy.0 = Release|Any CPU
	EndGlobalSection
	GlobalSection(SolutionProperties) = preSolution
		HideSolutionNode = FALSE
	EndGlobalSection
	GlobalSection(ExtensibilityGlobals) = postSolution
		SolutionGuid = {0D5C639E-8AC3-4ECF-99E3-EC04F40B3E73}
	EndGlobalSection
EndGlobal
